// !$*UTF8*$!
{
	archiveVersion = 1;
	classes = {
	};
	objectVersion = 51;
	objects = {

/* Begin PBXBuildFile section */
		4442688F5DC3FB689309413B /* Pods_Parstagram_ParstagramUITests.framework in Frameworks */ = {isa = PBXBuildFile; fileRef = 7A5B9D1E58DF0591B7293CED /* Pods_Parstagram_ParstagramUITests.framework */; };
		579798E4448B2C5FA090E51C /* Pods_Parstagram.framework in Frameworks */ = {isa = PBXBuildFile; fileRef = 63EED377B15DC3073BE69C3A /* Pods_Parstagram.framework */; };
		918D3C30240F974A00B6CB0E /* CommentCell.swift in Sources */ = {isa = PBXBuildFile; fileRef = 918D3C2F240F974A00B6CB0E /* CommentCell.swift */; };
		9193A9AD2404744600929FD3 /* AppDelegate.swift in Sources */ = {isa = PBXBuildFile; fileRef = 9193A9AC2404744600929FD3 /* AppDelegate.swift */; };
		9193A9AF2404744600929FD3 /* SceneDelegate.swift in Sources */ = {isa = PBXBuildFile; fileRef = 9193A9AE2404744600929FD3 /* SceneDelegate.swift */; };
		9193A9B42404744600929FD3 /* Main.storyboard in Resources */ = {isa = PBXBuildFile; fileRef = 9193A9B22404744600929FD3 /* Main.storyboard */; };
		9193A9B62404744900929FD3 /* Assets.xcassets in Resources */ = {isa = PBXBuildFile; fileRef = 9193A9B52404744900929FD3 /* Assets.xcassets */; };
		9193A9B92404744900929FD3 /* LaunchScreen.storyboard in Resources */ = {isa = PBXBuildFile; fileRef = 9193A9B72404744900929FD3 /* LaunchScreen.storyboard */; };
		9193A9C42404744900929FD3 /* ParstagramTests.swift in Sources */ = {isa = PBXBuildFile; fileRef = 9193A9C32404744900929FD3 /* ParstagramTests.swift */; };
		9193A9CF2404744900929FD3 /* ParstagramUITests.swift in Sources */ = {isa = PBXBuildFile; fileRef = 9193A9CE2404744900929FD3 /* ParstagramUITests.swift */; };
		9193A9DD2404819900929FD3 /* LoginViewController.swift in Sources */ = {isa = PBXBuildFile; fileRef = 9193A9DC2404819900929FD3 /* LoginViewController.swift */; };
		9193A9DF240481B800929FD3 /* FeedViewController.swift in Sources */ = {isa = PBXBuildFile; fileRef = 9193A9DE240481B800929FD3 /* FeedViewController.swift */; };
		9193A9E12404B32C00929FD3 /* CameraViewController.swift in Sources */ = {isa = PBXBuildFile; fileRef = 9193A9E02404B32C00929FD3 /* CameraViewController.swift */; };
		91E4D31C2408CBA6003B3D58 /* PostCell.swift in Sources */ = {isa = PBXBuildFile; fileRef = 91E4D31B2408CBA6003B3D58 /* PostCell.swift */; };
		EA4D537D36AC21FC0DCA8902 /* Pods_ParstagramTests.framework in Frameworks */ = {isa = PBXBuildFile; fileRef = BDE08ED29957FC37ADC5A6C2 /* Pods_ParstagramTests.framework */; };
/* End PBXBuildFile section */

/* Begin PBXContainerItemProxy section */
		9193A9C02404744900929FD3 /* PBXContainerItemProxy */ = {
			isa = PBXContainerItemProxy;
			containerPortal = 9193A9A12404744600929FD3 /* Project object */;
			proxyType = 1;
			remoteGlobalIDString = 9193A9A82404744600929FD3;
			remoteInfo = Parstagram;
		};
		9193A9CB2404744900929FD3 /* PBXContainerItemProxy */ = {
			isa = PBXContainerItemProxy;
			containerPortal = 9193A9A12404744600929FD3 /* Project object */;
			proxyType = 1;
			remoteGlobalIDString = 9193A9A82404744600929FD3;
			remoteInfo = Parstagram;
		};
/* End PBXContainerItemProxy section */

/* Begin PBXFileReference section */
		63EED377B15DC3073BE69C3A /* Pods_Parstagram.framework */ = {isa = PBXFileReference; explicitFileType = wrapper.framework; includeInIndex = 0; path = Pods_Parstagram.framework; sourceTree = BUILT_PRODUCTS_DIR; };
		7A5B9D1E58DF0591B7293CED /* Pods_Parstagram_ParstagramUITests.framework */ = {isa = PBXFileReference; explicitFileType = wrapper.framework; includeInIndex = 0; path = Pods_Parstagram_ParstagramUITests.framework; sourceTree = BUILT_PRODUCTS_DIR; };
		8259121D6097657958A2BD1F /* Pods-ParstagramTests.debug.xcconfig */ = {isa = PBXFileReference; includeInIndex = 1; lastKnownFileType = text.xcconfig; name = "Pods-ParstagramTests.debug.xcconfig"; path = "Target Support Files/Pods-ParstagramTests/Pods-ParstagramTests.debug.xcconfig"; sourceTree = "<group>"; };
		8A31BF734575687FC1DB4721 /* Pods-Parstagram-ParstagramUITests.debug.xcconfig */ = {isa = PBXFileReference; includeInIndex = 1; lastKnownFileType = text.xcconfig; name = "Pods-Parstagram-ParstagramUITests.debug.xcconfig"; path = "Target Support Files/Pods-Parstagram-ParstagramUITests/Pods-Parstagram-ParstagramUITests.debug.xcconfig"; sourceTree = "<group>"; };
		918D3C2F240F974A00B6CB0E /* CommentCell.swift */ = {isa = PBXFileReference; lastKnownFileType = sourcecode.swift; path = CommentCell.swift; sourceTree = "<group>"; };
		9193A9A92404744600929FD3 /* Parstagram.app */ = {isa = PBXFileReference; explicitFileType = wrapper.application; includeInIndex = 0; path = Parstagram.app; sourceTree = BUILT_PRODUCTS_DIR; };
		9193A9AC2404744600929FD3 /* AppDelegate.swift */ = {isa = PBXFileReference; lastKnownFileType = sourcecode.swift; path = AppDelegate.swift; sourceTree = "<group>"; };
		9193A9AE2404744600929FD3 /* SceneDelegate.swift */ = {isa = PBXFileReference; lastKnownFileType = sourcecode.swift; path = SceneDelegate.swift; sourceTree = "<group>"; };
		9193A9B32404744600929FD3 /* Base */ = {isa = PBXFileReference; lastKnownFileType = file.storyboard; name = Base; path = Base.lproj/Main.storyboard; sourceTree = "<group>"; };
		9193A9B52404744900929FD3 /* Assets.xcassets */ = {isa = PBXFileReference; lastKnownFileType = folder.assetcatalog; path = Assets.xcassets; sourceTree = "<group>"; };
		9193A9B82404744900929FD3 /* Base */ = {isa = PBXFileReference; lastKnownFileType = file.storyboard; name = Base; path = Base.lproj/LaunchScreen.storyboard; sourceTree = "<group>"; };
		9193A9BA2404744900929FD3 /* Info.plist */ = {isa = PBXFileReference; lastKnownFileType = text.plist.xml; path = Info.plist; sourceTree = "<group>"; };
		9193A9BF2404744900929FD3 /* ParstagramTests.xctest */ = {isa = PBXFileReference; explicitFileType = wrapper.cfbundle; includeInIndex = 0; path = ParstagramTests.xctest; sourceTree = BUILT_PRODUCTS_DIR; };
		9193A9C32404744900929FD3 /* ParstagramTests.swift */ = {isa = PBXFileReference; lastKnownFileType = sourcecode.swift; path = ParstagramTests.swift; sourceTree = "<group>"; };
		9193A9C52404744900929FD3 /* Info.plist */ = {isa = PBXFileReference; lastKnownFileType = text.plist.xml; path = Info.plist; sourceTree = "<group>"; };
		9193A9CA2404744900929FD3 /* ParstagramUITests.xctest */ = {isa = PBXFileReference; explicitFileType = wrapper.cfbundle; includeInIndex = 0; path = ParstagramUITests.xctest; sourceTree = BUILT_PRODUCTS_DIR; };
		9193A9CE2404744900929FD3 /* ParstagramUITests.swift */ = {isa = PBXFileReference; lastKnownFileType = sourcecode.swift; path = ParstagramUITests.swift; sourceTree = "<group>"; };
		9193A9D02404744900929FD3 /* Info.plist */ = {isa = PBXFileReference; lastKnownFileType = text.plist.xml; path = Info.plist; sourceTree = "<group>"; };
		9193A9DC2404819900929FD3 /* LoginViewController.swift */ = {isa = PBXFileReference; lastKnownFileType = sourcecode.swift; path = LoginViewController.swift; sourceTree = "<group>"; };
		9193A9DE240481B800929FD3 /* FeedViewController.swift */ = {isa = PBXFileReference; lastKnownFileType = sourcecode.swift; path = FeedViewController.swift; sourceTree = "<group>"; };
		9193A9E02404B32C00929FD3 /* CameraViewController.swift */ = {isa = PBXFileReference; lastKnownFileType = sourcecode.swift; path = CameraViewController.swift; sourceTree = "<group>"; };
		91E4D31B2408CBA6003B3D58 /* PostCell.swift */ = {isa = PBXFileReference; lastKnownFileType = sourcecode.swift; path = PostCell.swift; sourceTree = "<group>"; };
		BDE08ED29957FC37ADC5A6C2 /* Pods_ParstagramTests.framework */ = {isa = PBXFileReference; explicitFileType = wrapper.framework; includeInIndex = 0; path = Pods_ParstagramTests.framework; sourceTree = BUILT_PRODUCTS_DIR; };
		C5F8E21560BF28A104CF9934 /* Pods-Parstagram.debug.xcconfig */ = {isa = PBXFileReference; includeInIndex = 1; lastKnownFileType = text.xcconfig; name = "Pods-Parstagram.debug.xcconfig"; path = "Target Support Files/Pods-Parstagram/Pods-Parstagram.debug.xcconfig"; sourceTree = "<group>"; };
		CFAEE11F8498D922221F03D5 /* Pods-Parstagram.release.xcconfig */ = {isa = PBXFileReference; includeInIndex = 1; lastKnownFileType = text.xcconfig; name = "Pods-Parstagram.release.xcconfig"; path = "Target Support Files/Pods-Parstagram/Pods-Parstagram.release.xcconfig"; sourceTree = "<group>"; };
		E9D25FBBC2CF8F71358FFBE3 /* Pods-Parstagram-ParstagramUITests.release.xcconfig */ = {isa = PBXFileReference; includeInIndex = 1; lastKnownFileType = text.xcconfig; name = "Pods-Parstagram-ParstagramUITests.release.xcconfig"; path = "Target Support Files/Pods-Parstagram-ParstagramUITests/Pods-Parstagram-ParstagramUITests.release.xcconfig"; sourceTree = "<group>"; };
		F24BBA6F3A2BE9216F39FA6A /* Pods-ParstagramTests.release.xcconfig */ = {isa = PBXFileReference; includeInIndex = 1; lastKnownFileType = text.xcconfig; name = "Pods-ParstagramTests.release.xcconfig"; path = "Target Support Files/Pods-ParstagramTests/Pods-ParstagramTests.release.xcconfig"; sourceTree = "<group>"; };
/* End PBXFileReference section */

/* Begin PBXFrameworksBuildPhase section */
		9193A9A62404744600929FD3 /* Frameworks */ = {
			isa = PBXFrameworksBuildPhase;
			buildActionMask = 2147483647;
			files = (
				579798E4448B2C5FA090E51C /* Pods_Parstagram.framework in Frameworks */,
			);
			runOnlyForDeploymentPostprocessing = 0;
		};
		9193A9BC2404744900929FD3 /* Frameworks */ = {
			isa = PBXFrameworksBuildPhase;
			buildActionMask = 2147483647;
			files = (
				EA4D537D36AC21FC0DCA8902 /* Pods_ParstagramTests.framework in Frameworks */,
			);
			runOnlyForDeploymentPostprocessing = 0;
		};
		9193A9C72404744900929FD3 /* Frameworks */ = {
			isa = PBXFrameworksBuildPhase;
			buildActionMask = 2147483647;
			files = (
				4442688F5DC3FB689309413B /* Pods_Parstagram_ParstagramUITests.framework in Frameworks */,
			);
			runOnlyForDeploymentPostprocessing = 0;
		};
/* End PBXFrameworksBuildPhase section */

/* Begin PBXGroup section */
		9193A9A02404744600929FD3 = {
			isa = PBXGroup;
			children = (
				9193A9AB2404744600929FD3 /* Parstagram */,
				9193A9C22404744900929FD3 /* ParstagramTests */,
				9193A9CD2404744900929FD3 /* ParstagramUITests */,
				9193A9AA2404744600929FD3 /* Products */,
				D259C5B1AD5CD2688BF532CB /* Pods */,
				F7921C8E4F0D26DA2D7B6939 /* Frameworks */,
			);
			sourceTree = "<group>";
		};
		9193A9AA2404744600929FD3 /* Products */ = {
			isa = PBXGroup;
			children = (
				9193A9A92404744600929FD3 /* Parstagram.app */,
				9193A9BF2404744900929FD3 /* ParstagramTests.xctest */,
				9193A9CA2404744900929FD3 /* ParstagramUITests.xctest */,
			);
			name = Products;
			sourceTree = "<group>";
		};
		9193A9AB2404744600929FD3 /* Parstagram */ = {
			isa = PBXGroup;
			children = (
				9193A9AC2404744600929FD3 /* AppDelegate.swift */,
				9193A9AE2404744600929FD3 /* SceneDelegate.swift */,
				9193A9B22404744600929FD3 /* Main.storyboard */,
				9193A9B52404744900929FD3 /* Assets.xcassets */,
				9193A9B72404744900929FD3 /* LaunchScreen.storyboard */,
				9193A9BA2404744900929FD3 /* Info.plist */,
				9193A9DC2404819900929FD3 /* LoginViewController.swift */,
				9193A9DE240481B800929FD3 /* FeedViewController.swift */,
				9193A9E02404B32C00929FD3 /* CameraViewController.swift */,
				91E4D31B2408CBA6003B3D58 /* PostCell.swift */,
				918D3C2F240F974A00B6CB0E /* CommentCell.swift */,
			);
			path = Parstagram;
			sourceTree = "<group>";
		};
		9193A9C22404744900929FD3 /* ParstagramTests */ = {
			isa = PBXGroup;
			children = (
				9193A9C32404744900929FD3 /* ParstagramTests.swift */,
				9193A9C52404744900929FD3 /* Info.plist */,
			);
			path = ParstagramTests;
			sourceTree = "<group>";
		};
		9193A9CD2404744900929FD3 /* ParstagramUITests */ = {
			isa = PBXGroup;
			children = (
				9193A9CE2404744900929FD3 /* ParstagramUITests.swift */,
				9193A9D02404744900929FD3 /* Info.plist */,
			);
			path = ParstagramUITests;
			sourceTree = "<group>";
		};
		D259C5B1AD5CD2688BF532CB /* Pods */ = {
			isa = PBXGroup;
			children = (
				C5F8E21560BF28A104CF9934 /* Pods-Parstagram.debug.xcconfig */,
				CFAEE11F8498D922221F03D5 /* Pods-Parstagram.release.xcconfig */,
				8A31BF734575687FC1DB4721 /* Pods-Parstagram-ParstagramUITests.debug.xcconfig */,
				E9D25FBBC2CF8F71358FFBE3 /* Pods-Parstagram-ParstagramUITests.release.xcconfig */,
				8259121D6097657958A2BD1F /* Pods-ParstagramTests.debug.xcconfig */,
				F24BBA6F3A2BE9216F39FA6A /* Pods-ParstagramTests.release.xcconfig */,
			);
			path = Pods;
			sourceTree = "<group>";
		};
		F7921C8E4F0D26DA2D7B6939 /* Frameworks */ = {
			isa = PBXGroup;
			children = (
				63EED377B15DC3073BE69C3A /* Pods_Parstagram.framework */,
				7A5B9D1E58DF0591B7293CED /* Pods_Parstagram_ParstagramUITests.framework */,
				BDE08ED29957FC37ADC5A6C2 /* Pods_ParstagramTests.framework */,
			);
			name = Frameworks;
			sourceTree = "<group>";
		};
/* End PBXGroup section */

/* Begin PBXNativeTarget section */
		9193A9A82404744600929FD3 /* Parstagram */ = {
			isa = PBXNativeTarget;
			buildConfigurationList = 9193A9D32404744900929FD3 /* Build configuration list for PBXNativeTarget "Parstagram" */;
			buildPhases = (
				BD6106E3E30F54307784D667 /* [CP] Check Pods Manifest.lock */,
				9193A9A52404744600929FD3 /* Sources */,
				9193A9A62404744600929FD3 /* Frameworks */,
				9193A9A72404744600929FD3 /* Resources */,
				6E65BF96B3E5A75CB2F120E1 /* [CP] Embed Pods Frameworks */,
			);
			buildRules = (
			);
			dependencies = (
			);
			name = Parstagram;
			productName = Parstagram;
			productReference = 9193A9A92404744600929FD3 /* Parstagram.app */;
			productType = "com.apple.product-type.application";
		};
		9193A9BE2404744900929FD3 /* ParstagramTests */ = {
			isa = PBXNativeTarget;
			buildConfigurationList = 9193A9D62404744900929FD3 /* Build configuration list for PBXNativeTarget "ParstagramTests" */;
			buildPhases = (
				951FDF92718F6A628929D605 /* [CP] Check Pods Manifest.lock */,
				9193A9BB2404744900929FD3 /* Sources */,
				9193A9BC2404744900929FD3 /* Frameworks */,
				9193A9BD2404744900929FD3 /* Resources */,
			);
			buildRules = (
			);
			dependencies = (
				9193A9C12404744900929FD3 /* PBXTargetDependency */,
			);
			name = ParstagramTests;
			productName = ParstagramTests;
			productReference = 9193A9BF2404744900929FD3 /* ParstagramTests.xctest */;
			productType = "com.apple.product-type.bundle.unit-test";
		};
		9193A9C92404744900929FD3 /* ParstagramUITests */ = {
			isa = PBXNativeTarget;
			buildConfigurationList = 9193A9D92404744900929FD3 /* Build configuration list for PBXNativeTarget "ParstagramUITests" */;
			buildPhases = (
				B0020AD31E61FBE2BFBCDA74 /* [CP] Check Pods Manifest.lock */,
				9193A9C62404744900929FD3 /* Sources */,
				9193A9C72404744900929FD3 /* Frameworks */,
				9193A9C82404744900929FD3 /* Resources */,
				4441E73E716D446942EE8127 /* [CP] Embed Pods Frameworks */,
			);
			buildRules = (
			);
			dependencies = (
				9193A9CC2404744900929FD3 /* PBXTargetDependency */,
			);
			name = ParstagramUITests;
			productName = ParstagramUITests;
			productReference = 9193A9CA2404744900929FD3 /* ParstagramUITests.xctest */;
			productType = "com.apple.product-type.bundle.ui-testing";
		};
/* End PBXNativeTarget section */

/* Begin PBXProject section */
		9193A9A12404744600929FD3 /* Project object */ = {
			isa = PBXProject;
			attributes = {
				LastSwiftUpdateCheck = 1130;
				LastUpgradeCheck = 1130;
				ORGANIZATIONNAME = "Howard Aguilar";
				TargetAttributes = {
					9193A9A82404744600929FD3 = {
						CreatedOnToolsVersion = 11.3.1;
					};
					9193A9BE2404744900929FD3 = {
						CreatedOnToolsVersion = 11.3.1;
						TestTargetID = 9193A9A82404744600929FD3;
					};
					9193A9C92404744900929FD3 = {
						CreatedOnToolsVersion = 11.3.1;
						TestTargetID = 9193A9A82404744600929FD3;
					};
				};
			};
			buildConfigurationList = 9193A9A42404744600929FD3 /* Build configuration list for PBXProject "Parstagram" */;
			compatibilityVersion = "Xcode 9.3";
			developmentRegion = en;
			hasScannedForEncodings = 0;
			knownRegions = (
				en,
				Base,
			);
			mainGroup = 9193A9A02404744600929FD3;
			productRefGroup = 9193A9AA2404744600929FD3 /* Products */;
			projectDirPath = "";
			projectRoot = "";
			targets = (
				9193A9A82404744600929FD3 /* Parstagram */,
				9193A9BE2404744900929FD3 /* ParstagramTests */,
				9193A9C92404744900929FD3 /* ParstagramUITests */,
			);
		};
/* End PBXProject section */

/* Begin PBXResourcesBuildPhase section */
		9193A9A72404744600929FD3 /* Resources */ = {
			isa = PBXResourcesBuildPhase;
			buildActionMask = 2147483647;
			files = (
				9193A9B92404744900929FD3 /* LaunchScreen.storyboard in Resources */,
				9193A9B62404744900929FD3 /* Assets.xcassets in Resources */,
				9193A9B42404744600929FD3 /* Main.storyboard in Resources */,
			);
			runOnlyForDeploymentPostprocessing = 0;
		};
		9193A9BD2404744900929FD3 /* Resources */ = {
			isa = PBXResourcesBuildPhase;
			buildActionMask = 2147483647;
			files = (
			);
			runOnlyForDeploymentPostprocessing = 0;
		};
		9193A9C82404744900929FD3 /* Resources */ = {
			isa = PBXResourcesBuildPhase;
			buildActionMask = 2147483647;
			files = (
			);
			runOnlyForDeploymentPostprocessing = 0;
		};
/* End PBXResourcesBuildPhase section */

/* Begin PBXShellScriptBuildPhase section */
		4441E73E716D446942EE8127 /* [CP] Embed Pods Frameworks */ = {
			isa = PBXShellScriptBuildPhase;
			buildActionMask = 2147483647;
			files = (
			);
			inputFileListPaths = (
				"${PODS_ROOT}/Target Support Files/Pods-Parstagram-ParstagramUITests/Pods-Parstagram-ParstagramUITests-frameworks-${CONFIGURATION}-input-files.xcfilelist",
			);
			name = "[CP] Embed Pods Frameworks";
			outputFileListPaths = (
				"${PODS_ROOT}/Target Support Files/Pods-Parstagram-ParstagramUITests/Pods-Parstagram-ParstagramUITests-frameworks-${CONFIGURATION}-output-files.xcfilelist",
			);
			runOnlyForDeploymentPostprocessing = 0;
			shellPath = /bin/sh;
			shellScript = "\"${PODS_ROOT}/Target Support Files/Pods-Parstagram-ParstagramUITests/Pods-Parstagram-ParstagramUITests-frameworks.sh\"\n";
			showEnvVarsInLog = 0;
		};
		6E65BF96B3E5A75CB2F120E1 /* [CP] Embed Pods Frameworks */ = {
			isa = PBXShellScriptBuildPhase;
			buildActionMask = 2147483647;
			files = (
			);
			inputFileListPaths = (
				"${PODS_ROOT}/Target Support Files/Pods-Parstagram/Pods-Parstagram-frameworks-${CONFIGURATION}-input-files.xcfilelist",
			);
			name = "[CP] Embed Pods Frameworks";
			outputFileListPaths = (
				"${PODS_ROOT}/Target Support Files/Pods-Parstagram/Pods-Parstagram-frameworks-${CONFIGURATION}-output-files.xcfilelist",
			);
			runOnlyForDeploymentPostprocessing = 0;
			shellPath = /bin/sh;
			shellScript = "\"${PODS_ROOT}/Target Support Files/Pods-Parstagram/Pods-Parstagram-frameworks.sh\"\n";
			showEnvVarsInLog = 0;
		};
		951FDF92718F6A628929D605 /* [CP] Check Pods Manifest.lock */ = {
			isa = PBXShellScriptBuildPhase;
			buildActionMask = 2147483647;
			files = (
			);
			inputFileListPaths = (
			);
			inputPaths = (
				"${PODS_PODFILE_DIR_PATH}/Podfile.lock",
				"${PODS_ROOT}/Manifest.lock",
			);
			name = "[CP] Check Pods Manifest.lock";
			outputFileListPaths = (
			);
			outputPaths = (
				"$(DERIVED_FILE_DIR)/Pods-ParstagramTests-checkManifestLockResult.txt",
			);
			runOnlyForDeploymentPostprocessing = 0;
			shellPath = /bin/sh;
			shellScript = "diff \"${PODS_PODFILE_DIR_PATH}/Podfile.lock\" \"${PODS_ROOT}/Manifest.lock\" > /dev/null\nif [ $? != 0 ] ; then\n    # print error to STDERR\n    echo \"error: The sandbox is not in sync with the Podfile.lock. Run 'pod install' or update your CocoaPods installation.\" >&2\n    exit 1\nfi\n# This output is used by Xcode 'outputs' to avoid re-running this script phase.\necho \"SUCCESS\" > \"${SCRIPT_OUTPUT_FILE_0}\"\n";
			showEnvVarsInLog = 0;
		};
		B0020AD31E61FBE2BFBCDA74 /* [CP] Check Pods Manifest.lock */ = {
			isa = PBXShellScriptBuildPhase;
			buildActionMask = 2147483647;
			files = (
			);
			inputFileListPaths = (
			);
			inputPaths = (
				"${PODS_PODFILE_DIR_PATH}/Podfile.lock",
				"${PODS_ROOT}/Manifest.lock",
			);
			name = "[CP] Check Pods Manifest.lock";
			outputFileListPaths = (
			);
			outputPaths = (
				"$(DERIVED_FILE_DIR)/Pods-Parstagram-ParstagramUITests-checkManifestLockResult.txt",
			);
			runOnlyForDeploymentPostprocessing = 0;
			shellPath = /bin/sh;
			shellScript = "diff \"${PODS_PODFILE_DIR_PATH}/Podfile.lock\" \"${PODS_ROOT}/Manifest.lock\" > /dev/null\nif [ $? != 0 ] ; then\n    # print error to STDERR\n    echo \"error: The sandbox is not in sync with the Podfile.lock. Run 'pod install' or update your CocoaPods installation.\" >&2\n    exit 1\nfi\n# This output is used by Xcode 'outputs' to avoid re-running this script phase.\necho \"SUCCESS\" > \"${SCRIPT_OUTPUT_FILE_0}\"\n";
			showEnvVarsInLog = 0;
		};
		BD6106E3E30F54307784D667 /* [CP] Check Pods Manifest.lock */ = {
			isa = PBXShellScriptBuildPhase;
			buildActionMask = 2147483647;
			files = (
			);
			inputFileListPaths = (
			);
			inputPaths = (
				"${PODS_PODFILE_DIR_PATH}/Podfile.lock",
				"${PODS_ROOT}/Manifest.lock",
			);
			name = "[CP] Check Pods Manifest.lock";
			outputFileListPaths = (
			);
			outputPaths = (
				"$(DERIVED_FILE_DIR)/Pods-Parstagram-checkManifestLockResult.txt",
			);
			runOnlyForDeploymentPostprocessing = 0;
			shellPath = /bin/sh;
			shellScript = "diff \"${PODS_PODFILE_DIR_PATH}/Podfile.lock\" \"${PODS_ROOT}/Manifest.lock\" > /dev/null\nif [ $? != 0 ] ; then\n    # print error to STDERR\n    echo \"error: The sandbox is not in sync with the Podfile.lock. Run 'pod install' or update your CocoaPods installation.\" >&2\n    exit 1\nfi\n# This output is used by Xcode 'outputs' to avoid re-running this script phase.\necho \"SUCCESS\" > \"${SCRIPT_OUTPUT_FILE_0}\"\n";
			showEnvVarsInLog = 0;
		};
/* End PBXShellScriptBuildPhase section */

/* Begin PBXSourcesBuildPhase section */
		9193A9A52404744600929FD3 /* Sources */ = {
			isa = PBXSourcesBuildPhase;
			buildActionMask = 2147483647;
			files = (
				9193A9DD2404819900929FD3 /* LoginViewController.swift in Sources */,
				9193A9E12404B32C00929FD3 /* CameraViewController.swift in Sources */,
				9193A9AD2404744600929FD3 /* AppDelegate.swift in Sources */,
				9193A9DF240481B800929FD3 /* FeedViewController.swift in Sources */,
				9193A9AF2404744600929FD3 /* SceneDelegate.swift in Sources */,
				91E4D31C2408CBA6003B3D58 /* PostCell.swift in Sources */,
				918D3C30240F974A00B6CB0E /* CommentCell.swift in Sources */,
			);
			runOnlyForDeploymentPostprocessing = 0;
		};
		9193A9BB2404744900929FD3 /* Sources */ = {
			isa = PBXSourcesBuildPhase;
			buildActionMask = 2147483647;
			files = (
				9193A9C42404744900929FD3 /* ParstagramTests.swift in Sources */,
			);
			runOnlyForDeploymentPostprocessing = 0;
		};
		9193A9C62404744900929FD3 /* Sources */ = {
			isa = PBXSourcesBuildPhase;
			buildActionMask = 2147483647;
			files = (
				9193A9CF2404744900929FD3 /* ParstagramUITests.swift in Sources */,
			);
			runOnlyForDeploymentPostprocessing = 0;
		};
/* End PBXSourcesBuildPhase section */

/* Begin PBXTargetDependency section */
		9193A9C12404744900929FD3 /* PBXTargetDependency */ = {
			isa = PBXTargetDependency;
			target = 9193A9A82404744600929FD3 /* Parstagram */;
			targetProxy = 9193A9C02404744900929FD3 /* PBXContainerItemProxy */;
		};
		9193A9CC2404744900929FD3 /* PBXTargetDependency */ = {
			isa = PBXTargetDependency;
			target = 9193A9A82404744600929FD3 /* Parstagram */;
			targetProxy = 9193A9CB2404744900929FD3 /* PBXContainerItemProxy */;
		};
/* End PBXTargetDependency section */

/* Begin PBXVariantGroup section */
		9193A9B22404744600929FD3 /* Main.storyboard */ = {
			isa = PBXVariantGroup;
			children = (
				9193A9B32404744600929FD3 /* Base */,
			);
			name = Main.storyboard;
			sourceTree = "<group>";
		};
		9193A9B72404744900929FD3 /* LaunchScreen.storyboard */ = {
			isa = PBXVariantGroup;
			children = (
				9193A9B82404744900929FD3 /* Base */,
			);
			name = LaunchScreen.storyboard;
			sourceTree = "<group>";
		};
/* End PBXVariantGroup section */

/* Begin XCBuildConfiguration section */
		9193A9D12404744900929FD3 /* Debug */ = {
			isa = XCBuildConfiguration;
			buildSettings = {
				ALWAYS_SEARCH_USER_PATHS = NO;
				CLANG_ANALYZER_NONNULL = YES;
				CLANG_ANALYZER_NUMBER_OBJECT_CONVERSION = YES_AGGRESSIVE;
				CLANG_CXX_LANGUAGE_STANDARD = "gnu++14";
				CLANG_CXX_LIBRARY = "libc++";
				CLANG_ENABLE_MODULES = YES;
				CLANG_ENABLE_OBJC_ARC = YES;
				CLANG_ENABLE_OBJC_WEAK = YES;
				CLANG_WARN_BLOCK_CAPTURE_AUTORELEASING = YES;
				CLANG_WARN_BOOL_CONVERSION = YES;
				CLANG_WARN_COMMA = YES;
				CLANG_WARN_CONSTANT_CONVERSION = YES;
				CLANG_WARN_DEPRECATED_OBJC_IMPLEMENTATIONS = YES;
				CLANG_WARN_DIRECT_OBJC_ISA_USAGE = YES_ERROR;
				CLANG_WARN_DOCUMENTATION_COMMENTS = YES;
				CLANG_WARN_EMPTY_BODY = YES;
				CLANG_WARN_ENUM_CONVERSION = YES;
				CLANG_WARN_INFINITE_RECURSION = YES;
				CLANG_WARN_INT_CONVERSION = YES;
				CLANG_WARN_NON_LITERAL_NULL_CONVERSION = YES;
				CLANG_WARN_OBJC_IMPLICIT_RETAIN_SELF = YES;
				CLANG_WARN_OBJC_LITERAL_CONVERSION = YES;
				CLANG_WARN_OBJC_ROOT_CLASS = YES_ERROR;
				CLANG_WARN_RANGE_LOOP_ANALYSIS = YES;
				CLANG_WARN_STRICT_PROTOTYPES = YES;
				CLANG_WARN_SUSPICIOUS_MOVE = YES;
				CLANG_WARN_UNGUARDED_AVAILABILITY = YES_AGGRESSIVE;
				CLANG_WARN_UNREACHABLE_CODE = YES;
				CLANG_WARN__DUPLICATE_METHOD_MATCH = YES;
				COPY_PHASE_STRIP = NO;
				DEBUG_INFORMATION_FORMAT = dwarf;
				ENABLE_STRICT_OBJC_MSGSEND = YES;
				ENABLE_TESTABILITY = YES;
				GCC_C_LANGUAGE_STANDARD = gnu11;
				GCC_DYNAMIC_NO_PIC = NO;
				GCC_NO_COMMON_BLOCKS = YES;
				GCC_OPTIMIZATION_LEVEL = 0;
				GCC_PREPROCESSOR_DEFINITIONS = (
					"DEBUG=1",
					"$(inherited)",
				);
				GCC_WARN_64_TO_32_BIT_CONVERSION = YES;
				GCC_WARN_ABOUT_RETURN_TYPE = YES_ERROR;
				GCC_WARN_UNDECLARED_SELECTOR = YES;
				GCC_WARN_UNINITIALIZED_AUTOS = YES_AGGRESSIVE;
				GCC_WARN_UNUSED_FUNCTION = YES;
				GCC_WARN_UNUSED_VARIABLE = YES;
				IPHONEOS_DEPLOYMENT_TARGET = 13.2;
				MTL_ENABLE_DEBUG_INFO = INCLUDE_SOURCE;
				MTL_FAST_MATH = YES;
				ONLY_ACTIVE_ARCH = YES;
				SDKROOT = iphoneos;
				SWIFT_ACTIVE_COMPILATION_CONDITIONS = DEBUG;
				SWIFT_OPTIMIZATION_LEVEL = "-Onone";
			};
			name = Debug;
		};
		9193A9D22404744900929FD3 /* Release */ = {
			isa = XCBuildConfiguration;
			buildSettings = {
				ALWAYS_SEARCH_USER_PATHS = NO;
				CLANG_ANALYZER_NONNULL = YES;
				CLANG_ANALYZER_NUMBER_OBJECT_CONVERSION = YES_AGGRESSIVE;
				CLANG_CXX_LANGUAGE_STANDARD = "gnu++14";
				CLANG_CXX_LIBRARY = "libc++";
				CLANG_ENABLE_MODULES = YES;
				CLANG_ENABLE_OBJC_ARC = YES;
				CLANG_ENABLE_OBJC_WEAK = YES;
				CLANG_WARN_BLOCK_CAPTURE_AUTORELEASING = YES;
				CLANG_WARN_BOOL_CONVERSION = YES;
				CLANG_WARN_COMMA = YES;
				CLANG_WARN_CONSTANT_CONVERSION = YES;
				CLANG_WARN_DEPRECATED_OBJC_IMPLEMENTATIONS = YES;
				CLANG_WARN_DIRECT_OBJC_ISA_USAGE = YES_ERROR;
				CLANG_WARN_DOCUMENTATION_COMMENTS = YES;
				CLANG_WARN_EMPTY_BODY = YES;
				CLANG_WARN_ENUM_CONVERSION = YES;
				CLANG_WARN_INFINITE_RECURSION = YES;
				CLANG_WARN_INT_CONVERSION = YES;
				CLANG_WARN_NON_LITERAL_NULL_CONVERSION = YES;
				CLANG_WARN_OBJC_IMPLICIT_RETAIN_SELF = YES;
				CLANG_WARN_OBJC_LITERAL_CONVERSION = YES;
				CLANG_WARN_OBJC_ROOT_CLASS = YES_ERROR;
				CLANG_WARN_RANGE_LOOP_ANALYSIS = YES;
				CLANG_WARN_STRICT_PROTOTYPES = YES;
				CLANG_WARN_SUSPICIOUS_MOVE = YES;
				CLANG_WARN_UNGUARDED_AVAILABILITY = YES_AGGRESSIVE;
				CLANG_WARN_UNREACHABLE_CODE = YES;
				CLANG_WARN__DUPLICATE_METHOD_MATCH = YES;
				COPY_PHASE_STRIP = NO;
				DEBUG_INFORMATION_FORMAT = "dwarf-with-dsym";
				ENABLE_NS_ASSERTIONS = NO;
				ENABLE_STRICT_OBJC_MSGSEND = YES;
				GCC_C_LANGUAGE_STANDARD = gnu11;
				GCC_NO_COMMON_BLOCKS = YES;
				GCC_WARN_64_TO_32_BIT_CONVERSION = YES;
				GCC_WARN_ABOUT_RETURN_TYPE = YES_ERROR;
				GCC_WARN_UNDECLARED_SELECTOR = YES;
				GCC_WARN_UNINITIALIZED_AUTOS = YES_AGGRESSIVE;
				GCC_WARN_UNUSED_FUNCTION = YES;
				GCC_WARN_UNUSED_VARIABLE = YES;
				IPHONEOS_DEPLOYMENT_TARGET = 13.2;
				MTL_ENABLE_DEBUG_INFO = NO;
				MTL_FAST_MATH = YES;
				SDKROOT = iphoneos;
				SWIFT_COMPILATION_MODE = wholemodule;
				SWIFT_OPTIMIZATION_LEVEL = "-O";
				VALIDATE_PRODUCT = YES;
			};
			name = Release;
		};
		9193A9D42404744900929FD3 /* Debug */ = {
			isa = XCBuildConfiguration;
			baseConfigurationReference = C5F8E21560BF28A104CF9934 /* Pods-Parstagram.debug.xcconfig */;
			buildSettings = {
				ASSETCATALOG_COMPILER_APPICON_NAME = AppIcon;
				CODE_SIGN_STYLE = Automatic;
				INFOPLIST_FILE = Parstagram/Info.plist;
				LD_RUNPATH_SEARCH_PATHS = (
					"$(inherited)",
					"@executable_path/Frameworks",
				);
				PRODUCT_BUNDLE_IDENTIFIER = TESTING.Parstagram;
				PRODUCT_NAME = "$(TARGET_NAME)";
				SWIFT_VERSION = 5.0;
				TARGETED_DEVICE_FAMILY = "1,2";
			};
			name = Debug;
		};
		9193A9D52404744900929FD3 /* Release */ = {
			isa = XCBuildConfiguration;
			baseConfigurationReference = CFAEE11F8498D922221F03D5 /* Pods-Parstagram.release.xcconfig */;
			buildSettings = {
				ASSETCATALOG_COMPILER_APPICON_NAME = AppIcon;
				CODE_SIGN_STYLE = Automatic;
				INFOPLIST_FILE = Parstagram/Info.plist;
				LD_RUNPATH_SEARCH_PATHS = (
					"$(inherited)",
					"@executable_path/Frameworks",
				);
				PRODUCT_BUNDLE_IDENTIFIER = TESTING.Parstagram;
				PRODUCT_NAME = "$(TARGET_NAME)";
				SWIFT_VERSION = 5.0;
				TARGETED_DEVICE_FAMILY = "1,2";
			};
			name = Release;
		};
		9193A9D72404744900929FD3 /* Debug */ = {
			isa = XCBuildConfiguration;
			baseConfigurationReference = 8259121D6097657958A2BD1F /* Pods-ParstagramTests.debug.xcconfig */;
			buildSettings = {
				ALWAYS_EMBED_SWIFT_STANDARD_LIBRARIES = YES;
				BUNDLE_LOADER = "$(TEST_HOST)";
				CODE_SIGN_STYLE = Automatic;
				INFOPLIST_FILE = ParstagramTests/Info.plist;
				IPHONEOS_DEPLOYMENT_TARGET = 13.2;
				LD_RUNPATH_SEARCH_PATHS = (
					"$(inherited)",
					"@executable_path/Frameworks",
					"@loader_path/Frameworks",
				);
				PRODUCT_BUNDLE_IDENTIFIER = TESTING.ParstagramTests;
				PRODUCT_NAME = "$(TARGET_NAME)";
				SWIFT_VERSION = 5.0;
				TARGETED_DEVICE_FAMILY = "1,2";
				TEST_HOST = "$(BUILT_PRODUCTS_DIR)/Parstagram.app/Parstagram";
			};
			name = Debug;
		};
		9193A9D82404744900929FD3 /* Release */ = {
			isa = XCBuildConfiguration;
			baseConfigurationReference = F24BBA6F3A2BE9216F39FA6A /* Pods-ParstagramTests.release.xcconfig */;
			buildSettings = {
				ALWAYS_EMBED_SWIFT_STANDARD_LIBRARIES = YES;
				BUNDLE_LOADER = "$(TEST_HOST)";
				CODE_SIGN_STYLE = Automatic;
				INFOPLIST_FILE = ParstagramTests/Info.plist;
				IPHONEOS_DEPLOYMENT_TARGET = 13.2;
				LD_RUNPATH_SEARCH_PATHS = (
					"$(inherited)",
					"@executable_path/Frameworks",
					"@loader_path/Frameworks",
				);
				PRODUCT_BUNDLE_IDENTIFIER = TESTING.ParstagramTests;
				PRODUCT_NAME = "$(TARGET_NAME)";
				SWIFT_VERSION = 5.0;
				TARGETED_DEVICE_FAMILY = "1,2";
				TEST_HOST = "$(BUILT_PRODUCTS_DIR)/Parstagram.app/Parstagram";
			};
			name = Release;
		};
		9193A9DA2404744900929FD3 /* Debug */ = {
			isa = XCBuildConfiguration;
			baseConfigurationReference = 8A31BF734575687FC1DB4721 /* Pods-Parstagram-ParstagramUITests.debug.xcconfig */;
			buildSettings = {
				ALWAYS_EMBED_SWIFT_STANDARD_LIBRARIES = YES;
				CODE_SIGN_STYLE = Automatic;
				INFOPLIST_FILE = ParstagramUITests/Info.plist;
				LD_RUNPATH_SEARCH_PATHS = (
					"$(inherited)",
					"@executable_path/Frameworks",
					"@loader_path/Frameworks",
				);
				PRODUCT_BUNDLE_IDENTIFIER = TESTING.ParstagramUITests;
				PRODUCT_NAME = "$(TARGET_NAME)";
				SWIFT_VERSION = 5.0;
				TARGETED_DEVICE_FAMILY = "1,2";
				TEST_TARGET_NAME = Parstagram;
			};
			name = Debug;
		};
		9193A9DB2404744900929FD3 /* Release */ = {
			isa = XCBuildConfiguration;
			baseConfigurationReference = E9D25FBBC2CF8F71358FFBE3 /* Pods-Parstagram-ParstagramUITests.release.xcconfig */;
			buildSettings = {
				ALWAYS_EMBED_SWIFT_STANDARD_LIBRARIES = YES;
				CODE_SIGN_STYLE = Automatic;
				INFOPLIST_FILE = ParstagramUITests/Info.plist;
				LD_RUNPATH_SEARCH_PATHS = (
					"$(inherited)",
					"@executable_path/Frameworks",
					"@loader_path/Frameworks",
				);
				PRODUCT_BUNDLE_IDENTIFIER = TESTING.ParstagramUITests;
				PRODUCT_NAME = "$(TARGET_NAME)";
				SWIFT_VERSION = 5.0;
				TARGETED_DEVICE_FAMILY = "1,2";
				TEST_TARGET_NAME = Parstagram;
			};
			name = Release;
		};
/* End XCBuildConfiguration section */

/* Begin XCConfigurationList section */
		9193A9A42404744600929FD3 /* Build configuration list for PBXProject "Parstagram" */ = {
			isa = XCConfigurationList;
			buildConfigurations = (
				9193A9D12404744900929FD3 /* Debug */,
				9193A9D22404744900929FD3 /* Release */,
			);
			defaultConfigurationIsVisible = 0;
			defaultConfigurationName = Release;
		};
		9193A9D32404744900929FD3 /* Build configuration list for PBXNativeTarget "Parstagram" */ = {
			isa = XCConfigurationList;
			buildConfigurations = (
				9193A9D42404744900929FD3 /* Debug */,
				9193A9D52404744900929FD3 /* Release */,
			);
			defaultConfigurationIsVisible = 0;
			defaultConfigurationName = Release;
		};
		9193A9D62404744900929FD3 /* Build configuration list for PBXNativeTarget "ParstagramTests" */ = {
			isa = XCConfigurationList;
			buildConfigurations = (
				9193A9D72404744900929FD3 /* Debug */,
				9193A9D82404744900929FD3 /* Release */,
			);
			defaultConfigurationIsVisible = 0;
			defaultConfigurationName = Release;
		};
		9193A9D92404744900929FD3 /* Build configuration list for PBXNativeTarget "ParstagramUITests" */ = {
			isa = XCConfigurationList;
			buildConfigurations = (
				9193A9DA2404744900929FD3 /* Debug */,
				9193A9DB2404744900929FD3 /* Release */,
			);
			defaultConfigurationIsVisible = 0;
			defaultConfigurationName = Release;
		};
/* End XCConfigurationList section */
	};
	rootObject = 9193A9A12404744600929FD3 /* Project object */;
}
